
Microsoft Visual Studio Solution File, Format Version 12.00
# Visual Studio Version 16
VisualStudioVersion = 16.0.31205.134
MinimumVisualStudioVersion = 10.0.40219.1
Project("{9A19103F-16F7-4668-BE54-9A1E7A4F7556}") = "WTP.Api", "WTP.Api\WTP.Api.csproj", "{E483DF85-D03F-4D88-80EC-F2E9BB1712D5}"
EndProject
Project("{9A19103F-16F7-4668-BE54-9A1E7A4F7556}") = "WTP.Data", "WTP.Data\WTP.Data.csproj", "{3C8DB2D6-9333-44A7-B782-309751E9361B}"
EndProject
Project("{9A19103F-16F7-4668-BE54-9A1E7A4F7556}") = "WTP.Domain", "WTP.Domain\WTP.Domain.csproj", "{18931205-A5F3-4711-B469-A8098FDFB82C}"
EndProject
Global
	GlobalSection(SolutionConfigurationPlatforms) = preSolution
		Debug|Any CPU = Debug|Any CPU
		Release|Any CPU = Release|Any CPU
	EndGlobalSection
	GlobalSection(ProjectConfigurationPlatforms) = postSolution
		{E483DF85-D03F-4D88-80EC-F2E9BB1712D5}.Debug|Any CPU.ActiveCfg = Debug|Any CPU
		{E483DF85-D03F-4D88-80EC-F2E9BB1712D5}.Debug|Any CPU.Build.0 = Debug|Any CPU
		{E483DF85-D03F-4D88-80EC-F2E9BB1712D5}.Release|Any CPU.ActiveCfg = Release|Any CPU
		{E483DF85-D03F-4D88-80EC-F2E9BB1712D5}.Release|Any CPU.Build.0 = Release|Any CPU
		{3C8DB2D6-9333-44A7-B782-309751E9361B}.Debug|Any CPU.ActiveCfg = Debug|Any CPU
		{3C8DB2D6-9333-44A7-B782-309751E9361B}.Debug|Any CPU.Build.0 = Debug|Any CPU
		{3C8DB2D6-9333-44A7-B782-309751E9361B}.Release|Any CPU.ActiveCfg = Release|Any CPU
		{3C8DB2D6-9333-44A7-B782-309751E9361B}.Release|Any CPU.Build.0 = Release|Any CPU
		{18931205-A5F3-4711-B469-A8098FDFB82C}.Debug|Any CPU.ActiveCfg = Debug|Any CPU
		{18931205-A5F3-4711-B469-A8098FDFB82C}.Debug|Any CPU.Build.0 = Debug|Any CPU
		{18931205-A5F3-4711-B469-A8098FDFB82C}.Release|Any CPU.ActiveCfg = Release|Any CPU
		{18931205-A5F3-4711-B469-A8098FDFB82C}.Release|Any CPU.Build.0 = Release|Any CPU
	EndGlobalSection
	GlobalSection(SolutionProperties) = preSolution
		HideSolutionNode = FALSE
	EndGlobalSection
	GlobalSection(ExtensibilityGlobals) = postSolution
		SolutionGuid = {528A224D-6EDC-4A9A-A5A1-3838E39B75D4}
	EndGlobalSection
EndGlobal
